
Microsoft Visual Studio Solution File, Format Version 12.00
# Visual Studio Version 17
VisualStudioVersion = 17.13.35919.96
MinimumVisualStudioVersion = 10.0.40219.1
Project("{FAE04EC0-301F-11D3-BF4B-00C04F79EFBC}") = "CapaPresentacionAdmin", "CapaPresentacionAdmin\CapaPresentacionAdmin.csproj", "{A501CC24-E8EF-45F3-8A3B-2F3C87A02219}"
EndProject
Project("{FAE04EC0-301F-11D3-BF4B-00C04F79EFBC}") = "CapaPresentacionTienda", "CapaPresentacionTienda\CapaPresentacionTienda.csproj", "{B0F162B0-FDBA-4C06-A728-9EF1A520934F}"
EndProject
Project("{FAE04EC0-301F-11D3-BF4B-00C04F79EFBC}") = "CapaDatos", "CapaDatos\CapaDatos.csproj", "{2A4A76FF-2D9D-4253-817D-7EC20237A654}"
EndProject
Project("{FAE04EC0-301F-11D3-BF4B-00C04F79EFBC}") = "CapaNegocio", "CapaNegocio\CapaNegocio.csproj", "{76BF7B96-BCA7-426D-A49B-F640EFF15BC3}"
EndProject
Project("{FAE04EC0-301F-11D3-BF4B-00C04F79EFBC}") = "CapaEntidad", "CapaEntidad\CapaEntidad.csproj", "{D5A0496D-F006-4D0B-9178-CF47B3D61641}"
EndProject
Global
	GlobalSection(SolutionConfigurationPlatforms) = preSolution
		Debug|Any CPU = Debug|Any CPU
		Release|Any CPU = Release|Any CPU
	EndGlobalSection
	GlobalSection(ProjectConfigurationPlatforms) = postSolution
		{A501CC24-E8EF-45F3-8A3B-2F3C87A02219}.Debug|Any CPU.ActiveCfg = Debug|Any CPU
		{A501CC24-E8EF-45F3-8A3B-2F3C87A02219}.Debug|Any CPU.Build.0 = Debug|Any CPU
		{A501CC24-E8EF-45F3-8A3B-2F3C87A02219}.Release|Any CPU.ActiveCfg = Release|Any CPU
		{A501CC24-E8EF-45F3-8A3B-2F3C87A02219}.Release|Any CPU.Build.0 = Release|Any CPU
		{B0F162B0-FDBA-4C06-A728-9EF1A520934F}.Debug|Any CPU.ActiveCfg = Debug|Any CPU
		{B0F162B0-FDBA-4C06-A728-9EF1A520934F}.Debug|Any CPU.Build.0 = Debug|Any CPU
		{B0F162B0-FDBA-4C06-A728-9EF1A520934F}.Release|Any CPU.ActiveCfg = Release|Any CPU
		{B0F162B0-FDBA-4C06-A728-9EF1A520934F}.Release|Any CPU.Build.0 = Release|Any CPU
		{2A4A76FF-2D9D-4253-817D-7EC20237A654}.Debug|Any CPU.ActiveCfg = Debug|Any CPU
		{2A4A76FF-2D9D-4253-817D-7EC20237A654}.Debug|Any CPU.Build.0 = Debug|Any CPU
		{2A4A76FF-2D9D-4253-817D-7EC20237A654}.Release|Any CPU.ActiveCfg = Release|Any CPU
		{2A4A76FF-2D9D-4253-817D-7EC20237A654}.Release|Any CPU.Build.0 = Release|Any CPU
		{76BF7B96-BCA7-426D-A49B-F640EFF15BC3}.Debug|Any CPU.ActiveCfg = Debug|Any CPU
		{76BF7B96-BCA7-426D-A49B-F640EFF15BC3}.Debug|Any CPU.Build.0 = Debug|Any CPU
		{76BF7B96-BCA7-426D-A49B-F640EFF15BC3}.Release|Any CPU.ActiveCfg = Release|Any CPU
		{76BF7B96-BCA7-426D-A49B-F640EFF15BC3}.Release|Any CPU.Build.0 = Release|Any CPU
		{D5A0496D-F006-4D0B-9178-CF47B3D61641}.Debug|Any CPU.ActiveCfg = Debug|Any CPU
		{D5A0496D-F006-4D0B-9178-CF47B3D61641}.Debug|Any CPU.Build.0 = Debug|Any CPU
		{D5A0496D-F006-4D0B-9178-CF47B3D61641}.Release|Any CPU.ActiveCfg = Release|Any CPU
		{D5A0496D-F006-4D0B-9178-CF47B3D61641}.Release|Any CPU.Build.0 = Release|Any CPU
	EndGlobalSection
	GlobalSection(SolutionProperties) = preSolution
		HideSolutionNode = FALSE
	EndGlobalSection
	GlobalSection(ExtensibilityGlobals) = postSolution
		SolutionGuid = {BE0B7E10-2E68-453D-88EB-90124B791549}
	EndGlobalSection
EndGlobal
